
Microsoft Visual Studio Solution File, Format Version 12.00
# Visual Studio Version 16
VisualStudioVersion = 16.0.30611.23
MinimumVisualStudioVersion = 10.0.40219.1
Project("{FAE04EC0-301F-11D3-BF4B-00C04F79EFBC}") = "grocery", "grocery\grocery.csproj", "{5866391E-D033-4ED3-98B7-72224CF9307C}"
EndProject
Global
	GlobalSection(SolutionConfigurationPlatforms) = preSolution
		Debug|Any CPU = Debug|Any CPU
		Release|Any CPU = Release|Any CPU
	EndGlobalSection
	GlobalSection(ProjectConfigurationPlatforms) = postSolution
		{5866391E-D033-4ED3-98B7-72224CF9307C}.Debug|Any CPU.ActiveCfg = Debug|Any CPU
		{5866391E-D033-4ED3-98B7-72224CF9307C}.Debug|Any CPU.Build.0 = Debug|Any CPU
		{5866391E-D033-4ED3-98B7-72224CF9307C}.Release|Any CPU.ActiveCfg = Release|Any CPU
		{5866391E-D033-4ED3-98B7-72224CF9307C}.Release|Any CPU.Build.0 = Release|Any CPU
	EndGlobalSection
	GlobalSection(SolutionProperties) = preSolution
		HideSolutionNode = FALSE
	EndGlobalSection
	GlobalSection(ExtensibilityGlobals) = postSolution
		SolutionGuid = {79117313-8859-4444-A03B-4625B7AEE5AB}
	EndGlobalSection
EndGlobal
